
Microsoft Visual Studio Solution File, Format Version 12.00
# Visual Studio Version 17
VisualStudioVersion = 17.1.32210.238
MinimumVisualStudioVersion = 10.0.40219.1
Project("{FAE04EC0-301F-11D3-BF4B-00C04F79EFBC}") = "Ahorcado", "Ahorcado\Ahorcado.csproj", "{A2849570-1DFC-4576-A33C-8B8ADCFAA66F}"
EndProject
Global
	GlobalSection(SolutionConfigurationPlatforms) = preSolution
		Debug|Any CPU = Debug|Any CPU
		Release|Any CPU = Release|Any CPU
	EndGlobalSection
	GlobalSection(ProjectConfigurationPlatforms) = postSolution
		{A2849570-1DFC-4576-A33C-8B8ADCFAA66F}.Debug|Any CPU.ActiveCfg = Debug|Any CPU
		{A2849570-1DFC-4576-A33C-8B8ADCFAA66F}.Debug|Any CPU.Build.0 = Debug|Any CPU
		{A2849570-1DFC-4576-A33C-8B8ADCFAA66F}.Release|Any CPU.ActiveCfg = Release|Any CPU
		{A2849570-1DFC-4576-A33C-8B8ADCFAA66F}.Release|Any CPU.Build.0 = Release|Any CPU
	EndGlobalSection
	GlobalSection(SolutionProperties) = preSolution
		HideSolutionNode = FALSE
	EndGlobalSection
	GlobalSection(ExtensibilityGlobals) = postSolution
		SolutionGuid = {48F20B40-0F17-4305-85B4-C118346E270D}
	EndGlobalSection
EndGlobal
